github.com/tuan-dd/go-pkg/common v0.0.0-20250611030557-3fb6985f944f h1:0Ome7Nnl7OII+MUWOVUxFvDm5/PWA4WWPb0XAP0YOf4=
github.com/tuan-dd/go-pkg/common v0.0.0-20250611030557-3fb6985f944f/go.mod h1:pOD518c7D5WMnmO8sP8sDnuaIpkT22xwKssEYz8k1vA=
golang.org/x/sys v0.32.0 h1:s77OFDvIQeibCmezSnk/q6iAfkdiQaJi4VzroCFrN20=
golang.org/x/sys v0.32.0/go.mod h1:BJP2sWEmIv4KK5OTEluFJCKSidICx8ciO85XgH3Ak8k=
google.golang.org/grpc v1.72.1 h1:HR03wO6eyZ7lknl75XlxABNVLLFc2PAb6mHlYh756mA=
google.golang.org/grpc v1.72.1/go.mod h1:wH5Aktxcg25y1I3w7H69nHfXdOG3UiadoBtjh3izSDM=
